<Solution>
  <Project Path="CsharpSession1/CsharpSession1.csproj" />
  <Project Path="CsharpSession2/CsharpSession2.csproj" Id="8f70e163-5bc2-46fb-b7d2-89e428631a9a" />
  <Project Path="CsharpTask1/CsharpTask1.csproj" Id="a7a09041-c132-4eea-82d9-8b9f6bad59bb" />
  <Project Path="CsharpTask2-Solution/CsharpTask2-Solution.csproj" Id="41666cc6-348e-4321-92d7-8d56a69a7f4c" />
</Solution>
