<Solution>
  <Folder Name="/Solution Items/">
    <File Path="DatabaseTasks/_Airline Information System Diagram.drawio.png" />
  </Folder>
  <Project Path="CsharpFunctions/CsharpTask3.csproj" Id="440bd9e8-c919-4c73-a61e-5d706982b212" />
  <Project Path="CsharpSession1/CsharpSession1.csproj" />
  <Project Path="CsharpSession2/CsharpSession2.csproj" Id="8f70e163-5bc2-46fb-b7d2-89e428631a9a" />
  <Project Path="CsharpTask1/CsharpTask1.csproj" Id="a7a09041-c132-4eea-82d9-8b9f6bad59bb" />
  <Project Path="CsharpTask2-Solution/CsharpTask2.csproj" Id="41666cc6-348e-4321-92d7-8d56a69a7f4c" />
  <Project Path="CsharpTask4/CsharpTask4.csproj" Id="ced37838-9458-45b7-81a6-d33bb959871a" />
  <Project Path="CsharpTask5/CsharpTask5.csproj" Id="aa37a756-f3d8-4dd8-8e4c-2555e08f1157" />
  <Project Path="Mini-Compound-Project-1/Mini-Compound-Project-1.csproj" Id="43f119db-0bc2-43a9-a8a8-e9b730a51fe3" />
  <Project Path="OOP_Part2/OOP_Part2.csproj" Id="fc25f638-be94-41be-8ae4-744ee5ee9cb9" />
  <Project Path="OOP_Part1/OOP_Part1.csproj" Id="5e8265ca-6089-4758-9b7e-feed8b406cbb" />
</Solution>
